
Microsoft Visual Studio Solution File, Format Version 12.00
# Visual Studio Version 17
VisualStudioVersion = 17.3.32825.248
MinimumVisualStudioVersion = 10.0.40219.1
Project("{2150E333-8FDC-42A3-9474-1A3956D46DE8}") = "src", "src", "{0E02EF1C-12BB-4CB1-B9AA-08271687BA45}"
EndProject
Project("{2150E333-8FDC-42A3-9474-1A3956D46DE8}") = "tests", "tests", "{4749BD8A-0E34-41E5-BB90-8CA99BF5CACA}"
EndProject
Project("{9A19103F-16F7-4668-BE54-9A1E7A4F7556}") = "FC.Codeflix.Catalog.UnitTests", "tests\FC.Codeflix.Catalog.UnitTests\FC.Codeflix.Catalog.UnitTests.csproj", "{38F86A1F-DBF9-4FA2-AEE6-3F2BE5F0A50E}"
EndProject
Project("{9A19103F-16F7-4668-BE54-9A1E7A4F7556}") = "FC.Codeflix.Catalog.Domain", "src\FC.Codeflix.Catalog.Domain\FC.Codeflix.Catalog.Domain.csproj", "{D9F50A52-30DB-4519-86E0-4F242E2EE7B5}"
EndProject
Project("{9A19103F-16F7-4668-BE54-9A1E7A4F7556}") = "FC.Codeflix.Catalog.Application", "src\FC.Codeflix.Catalog.Application\FC.Codeflix.Catalog.Application.csproj", "{4C4FB7E7-962A-4613-81D6-58C14C8AE302}"
EndProject
Project("{9A19103F-16F7-4668-BE54-9A1E7A4F7556}") = "FC.Codeflix.Catalog.IntegrationTests", "tests\FC.Codeflix.Catalog.IntegrationTests\FC.Codeflix.Catalog.IntegrationTests.csproj", "{CBD4DCD5-A186-45E7-A273-43521FA3FBBB}"
EndProject
Project("{9A19103F-16F7-4668-BE54-9A1E7A4F7556}") = "FC.Codeflix.Catalog.Infra.Data.EF", "src\FC.Codeflix.Catalog.Infra.Data.EF\FC.Codeflix.Catalog.Infra.Data.EF.csproj", "{87B886B4-A231-4793-BC01-FF926BC441D9}"
EndProject
Project("{9A19103F-16F7-4668-BE54-9A1E7A4F7556}") = "FC.Codeflix.Catalog.EndToEndTests", "tests\FC.Codeflix.Catalog.EndToEndTests\FC.Codeflix.Catalog.EndToEndTests.csproj", "{FBAFE7DE-6641-4BA0-8AB5-A0469E3ABE05}"
EndProject
Project("{9A19103F-16F7-4668-BE54-9A1E7A4F7556}") = "FC.Codeflix.Catalog.Api", "src\FC.Codeflix.Catalog.Api\FC.Codeflix.Catalog.Api.csproj", "{4C2D7D8F-60D0-4365-AF75-7323A9BDD389}"
EndProject
Project("{2150E333-8FDC-42A3-9474-1A3956D46DE8}") = "env", "env", "{FB873A0C-E508-4E7A-8621-5884231B23D2}"
	ProjectSection(SolutionItems) = preProject
		docker-compose.yml = docker-compose.yml
	EndProjectSection
EndProject
Global
	GlobalSection(SolutionConfigurationPlatforms) = preSolution
		Debug|Any CPU = Debug|Any CPU
		Release|Any CPU = Release|Any CPU
	EndGlobalSection
	GlobalSection(ProjectConfigurationPlatforms) = postSolution
		{38F86A1F-DBF9-4FA2-AEE6-3F2BE5F0A50E}.Debug|Any CPU.ActiveCfg = Debug|Any CPU
		{38F86A1F-DBF9-4FA2-AEE6-3F2BE5F0A50E}.Debug|Any CPU.Build.0 = Debug|Any CPU
		{38F86A1F-DBF9-4FA2-AEE6-3F2BE5F0A50E}.Release|Any CPU.ActiveCfg = Release|Any CPU
		{38F86A1F-DBF9-4FA2-AEE6-3F2BE5F0A50E}.Release|Any CPU.Build.0 = Release|Any CPU
		{D9F50A52-30DB-4519-86E0-4F242E2EE7B5}.Debug|Any CPU.ActiveCfg = Debug|Any CPU
		{D9F50A52-30DB-4519-86E0-4F242E2EE7B5}.Debug|Any CPU.Build.0 = Debug|Any CPU
		{D9F50A52-30DB-4519-86E0-4F242E2EE7B5}.Release|Any CPU.ActiveCfg = Release|Any CPU
		{D9F50A52-30DB-4519-86E0-4F242E2EE7B5}.Release|Any CPU.Build.0 = Release|Any CPU
		{4C4FB7E7-962A-4613-81D6-58C14C8AE302}.Debug|Any CPU.ActiveCfg = Debug|Any CPU
		{4C4FB7E7-962A-4613-81D6-58C14C8AE302}.Debug|Any CPU.Build.0 = Debug|Any CPU
		{4C4FB7E7-962A-4613-81D6-58C14C8AE302}.Release|Any CPU.ActiveCfg = Release|Any CPU
		{4C4FB7E7-962A-4613-81D6-58C14C8AE302}.Release|Any CPU.Build.0 = Release|Any CPU
		{CBD4DCD5-A186-45E7-A273-43521FA3FBBB}.Debug|Any CPU.ActiveCfg = Debug|Any CPU
		{CBD4DCD5-A186-45E7-A273-43521FA3FBBB}.Debug|Any CPU.Build.0 = Debug|Any CPU
		{CBD4DCD5-A186-45E7-A273-43521FA3FBBB}.Release|Any CPU.ActiveCfg = Release|Any CPU
		{CBD4DCD5-A186-45E7-A273-43521FA3FBBB}.Release|Any CPU.Build.0 = Release|Any CPU
		{87B886B4-A231-4793-BC01-FF926BC441D9}.Debug|Any CPU.ActiveCfg = Debug|Any CPU
		{87B886B4-A231-4793-BC01-FF926BC441D9}.Debug|Any CPU.Build.0 = Debug|Any CPU
		{87B886B4-A231-4793-BC01-FF926BC441D9}.Release|Any CPU.ActiveCfg = Release|Any CPU
		{87B886B4-A231-4793-BC01-FF926BC441D9}.Release|Any CPU.Build.0 = Release|Any CPU
		{FBAFE7DE-6641-4BA0-8AB5-A0469E3ABE05}.Debug|Any CPU.ActiveCfg = Debug|Any CPU
		{FBAFE7DE-6641-4BA0-8AB5-A0469E3ABE05}.Debug|Any CPU.Build.0 = Debug|Any CPU
		{FBAFE7DE-6641-4BA0-8AB5-A0469E3ABE05}.Release|Any CPU.ActiveCfg = Release|Any CPU
		{FBAFE7DE-6641-4BA0-8AB5-A0469E3ABE05}.Release|Any CPU.Build.0 = Release|Any CPU
		{4C2D7D8F-60D0-4365-AF75-7323A9BDD389}.Debug|Any CPU.ActiveCfg = Debug|Any CPU
		{4C2D7D8F-60D0-4365-AF75-7323A9BDD389}.Debug|Any CPU.Build.0 = Debug|Any CPU
		{4C2D7D8F-60D0-4365-AF75-7323A9BDD389}.Release|Any CPU.ActiveCfg = Release|Any CPU
		{4C2D7D8F-60D0-4365-AF75-7323A9BDD389}.Release|Any CPU.Build.0 = Release|Any CPU
	EndGlobalSection
	GlobalSection(SolutionProperties) = preSolution
		HideSolutionNode = FALSE
	EndGlobalSection
	GlobalSection(NestedProjects) = preSolution
		{38F86A1F-DBF9-4FA2-AEE6-3F2BE5F0A50E} = {4749BD8A-0E34-41E5-BB90-8CA99BF5CACA}
		{D9F50A52-30DB-4519-86E0-4F242E2EE7B5} = {0E02EF1C-12BB-4CB1-B9AA-08271687BA45}
		{4C4FB7E7-962A-4613-81D6-58C14C8AE302} = {0E02EF1C-12BB-4CB1-B9AA-08271687BA45}
		{CBD4DCD5-A186-45E7-A273-43521FA3FBBB} = {4749BD8A-0E34-41E5-BB90-8CA99BF5CACA}
		{87B886B4-A231-4793-BC01-FF926BC441D9} = {0E02EF1C-12BB-4CB1-B9AA-08271687BA45}
		{FBAFE7DE-6641-4BA0-8AB5-A0469E3ABE05} = {4749BD8A-0E34-41E5-BB90-8CA99BF5CACA}
		{4C2D7D8F-60D0-4365-AF75-7323A9BDD389} = {0E02EF1C-12BB-4CB1-B9AA-08271687BA45}
	EndGlobalSection
	GlobalSection(ExtensibilityGlobals) = postSolution
		SolutionGuid = {68078FBE-EB39-4599-9616-52440CD051FC}
	EndGlobalSection
EndGlobal
